
Microsoft Visual Studio Solution File, Format Version 12.00
# Visual Studio Version 17
VisualStudioVersion = 17.0.31903.59
MinimumVisualStudioVersion = 10.0.40219.1
Project("{FAE04EC0-301F-11D3-BF4B-00C04F79EFBC}") = "API", "API\API.csproj", "{520AA3E3-98A2-4FB8-B180-F78CF1EA3E54}"
EndProject
Project("{FAE04EC0-301F-11D3-BF4B-00C04F79EFBC}") = "Application", "Application\Application.csproj", "{CB2601C5-7EAC-426C-8713-F3E6914EB366}"
EndProject
Project("{FAE04EC0-301F-11D3-BF4B-00C04F79EFBC}") = "Domain", "Domain\Domain.csproj", "{D36D961D-6E25-413C-BC02-8B24BC49C819}"
EndProject
Project("{FAE04EC0-301F-11D3-BF4B-00C04F79EFBC}") = "Persistence", "Persistence\Persistence.csproj", "{91403CBD-DF77-44E8-8DD6-85CD1FE44D19}"
EndProject
Global
	GlobalSection(SolutionConfigurationPlatforms) = preSolution
		Debug|Any CPU = Debug|Any CPU
		Release|Any CPU = Release|Any CPU
	EndGlobalSection
	GlobalSection(SolutionProperties) = preSolution
		HideSolutionNode = FALSE
	EndGlobalSection
	GlobalSection(ProjectConfigurationPlatforms) = postSolution
		{520AA3E3-98A2-4FB8-B180-F78CF1EA3E54}.Debug|Any CPU.ActiveCfg = Debug|Any CPU
		{520AA3E3-98A2-4FB8-B180-F78CF1EA3E54}.Debug|Any CPU.Build.0 = Debug|Any CPU
		{520AA3E3-98A2-4FB8-B180-F78CF1EA3E54}.Release|Any CPU.ActiveCfg = Release|Any CPU
		{520AA3E3-98A2-4FB8-B180-F78CF1EA3E54}.Release|Any CPU.Build.0 = Release|Any CPU
		{CB2601C5-7EAC-426C-8713-F3E6914EB366}.Debug|Any CPU.ActiveCfg = Debug|Any CPU
		{CB2601C5-7EAC-426C-8713-F3E6914EB366}.Debug|Any CPU.Build.0 = Debug|Any CPU
		{CB2601C5-7EAC-426C-8713-F3E6914EB366}.Release|Any CPU.ActiveCfg = Release|Any CPU
		{CB2601C5-7EAC-426C-8713-F3E6914EB366}.Release|Any CPU.Build.0 = Release|Any CPU
		{D36D961D-6E25-413C-BC02-8B24BC49C819}.Debug|Any CPU.ActiveCfg = Debug|Any CPU
		{D36D961D-6E25-413C-BC02-8B24BC49C819}.Debug|Any CPU.Build.0 = Debug|Any CPU
		{D36D961D-6E25-413C-BC02-8B24BC49C819}.Release|Any CPU.ActiveCfg = Release|Any CPU
		{D36D961D-6E25-413C-BC02-8B24BC49C819}.Release|Any CPU.Build.0 = Release|Any CPU
		{91403CBD-DF77-44E8-8DD6-85CD1FE44D19}.Debug|Any CPU.ActiveCfg = Debug|Any CPU
		{91403CBD-DF77-44E8-8DD6-85CD1FE44D19}.Debug|Any CPU.Build.0 = Debug|Any CPU
		{91403CBD-DF77-44E8-8DD6-85CD1FE44D19}.Release|Any CPU.ActiveCfg = Release|Any CPU
		{91403CBD-DF77-44E8-8DD6-85CD1FE44D19}.Release|Any CPU.Build.0 = Release|Any CPU
	EndGlobalSection
EndGlobal
